
Microsoft Visual Studio Solution File, Format Version 12.00
# Visual Studio Version 17
VisualStudioVersion = 17.1.32210.238
MinimumVisualStudioVersion = 10.0.40219.1
Project("{FAE04EC0-301F-11D3-BF4B-00C04F79EFBC}") = "HW AIO", "HW AIO\HW AIO.csproj", "{131D90CA-DA07-4D8C-9320-F39D01C01E62}"
EndProject
Global
	GlobalSection(SolutionConfigurationPlatforms) = preSolution
		Debug|Any CPU = Debug|Any CPU
		Release|Any CPU = Release|Any CPU
	EndGlobalSection
	GlobalSection(ProjectConfigurationPlatforms) = postSolution
		{131D90CA-DA07-4D8C-9320-F39D01C01E62}.Debug|Any CPU.ActiveCfg = Debug|Any CPU
		{131D90CA-DA07-4D8C-9320-F39D01C01E62}.Debug|Any CPU.Build.0 = Debug|Any CPU
		{131D90CA-DA07-4D8C-9320-F39D01C01E62}.Release|Any CPU.ActiveCfg = Release|Any CPU
		{131D90CA-DA07-4D8C-9320-F39D01C01E62}.Release|Any CPU.Build.0 = Release|Any CPU
	EndGlobalSection
	GlobalSection(SolutionProperties) = preSolution
		HideSolutionNode = FALSE
	EndGlobalSection
	GlobalSection(ExtensibilityGlobals) = postSolution
		SolutionGuid = {FB6D99C6-9A4A-4316-BEDB-9E3C47B4F43E}
	EndGlobalSection
EndGlobal
